// !$*UTF8*$!
{
	archiveVersion = 1;
	classes = {
	};
	objectVersion = 46;
	objects = {

/* Begin PBXBuildFile section */
		4D0E4E5E1CB0ACA000880482 /* choose_size.wav in Resources */ = {isa = PBXBuildFile; fileRef = 4D0E4E5A1CB0ACA000880482 /* choose_size.wav */; };
		4D0E4E5F1CB0ACA000880482 /* choose_style.wav in Resources */ = {isa = PBXBuildFile; fileRef = 4D0E4E5B1CB0ACA000880482 /* choose_style.wav */; };
		4D0E4E601CB0ACA000880482 /* enter_gambol.wav in Resources */ = {isa = PBXBuildFile; fileRef = 4D0E4E5C1CB0ACA000880482 /* enter_gambol.wav */; };
		4D0E4E611CB0ACA000880482 /* wear_shoe.wav in Resources */ = {isa = PBXBuildFile; fileRef = 4D0E4E5D1CB0ACA000880482 /* wear_shoe.wav */; };
		4D205C331CB0D00900A5977F /* btn_donrem_over.png in Resources */ = {isa = PBXBuildFile; fileRef = 4D205C311CB0D00900A5977F /* btn_donrem_over.png */; };
		4D205C341CB0D00900A5977F /* btn_donrem.png in Resources */ = {isa = PBXBuildFile; fileRef = 4D205C321CB0D00900A5977F /* btn_donrem.png */; };
		4D3944AF1CB0B1EA00B15C59 /* Superclarendon Bold.ttf in Resources */ = {isa = PBXBuildFile; fileRef = 4D3944AE1CB0B1EA00B15C59 /* Superclarendon Bold.ttf */; };
		4D4344211CA6FD9F0042710B /* main.m in Sources */ = {isa = PBXBuildFile; fileRef = 4D4344201CA6FD9F0042710B /* main.m */; };
		4D4344241CA6FD9F0042710B /* AppDelegate.m in Sources */ = {isa = PBXBuildFile; fileRef = 4D4344231CA6FD9F0042710B /* AppDelegate.m */; };
		4D4344271CA6FD9F0042710B /* StartViewController.m in Sources */ = {isa = PBXBuildFile; fileRef = 4D4344261CA6FD9F0042710B /* StartViewController.m */; };
		4D43442A1CA6FD9F0042710B /* Main.storyboard in Resources */ = {isa = PBXBuildFile; fileRef = 4D4344281CA6FD9F0042710B /* Main.storyboard */; };
		4D43442C1CA6FD9F0042710B /* Assets.xcassets in Resources */ = {isa = PBXBuildFile; fileRef = 4D43442B1CA6FD9F0042710B /* Assets.xcassets */; };
		4D43442F1CA6FD9F0042710B /* LaunchScreen.storyboard in Resources */ = {isa = PBXBuildFile; fileRef = 4D43442D1CA6FD9F0042710B /* LaunchScreen.storyboard */; };
		4D4344491CA6FED20042710B /* bg_3.png in Resources */ = {isa = PBXBuildFile; fileRef = 4D4344391CA6FED20042710B /* bg_3.png */; };
		4D43444A1CA6FED20042710B /* bg_enter.png in Resources */ = {isa = PBXBuildFile; fileRef = 4D43443A1CA6FED20042710B /* bg_enter.png */; };
		4D43444B1CA6FED20042710B /* bg_selectshoes.png in Resources */ = {isa = PBXBuildFile; fileRef = 4D43443B1CA6FED20042710B /* bg_selectshoes.png */; };
		4D43444E1CA6FED20042710B /* btnSize_normal.png in Resources */ = {isa = PBXBuildFile; fileRef = 4D43443E1CA6FED20042710B /* btnSize_normal.png */; };
		4D43444F1CA6FED20042710B /* btnSize_over.png in Resources */ = {isa = PBXBuildFile; fileRef = 4D43443F1CA6FED20042710B /* btnSize_over.png */; };
		4D4344501CA6FED20042710B /* Ezy_normal.png in Resources */ = {isa = PBXBuildFile; fileRef = 4D4344401CA6FED20042710B /* Ezy_normal.png */; };
		4D4344511CA6FED20042710B /* Ezy_over.png in Resources */ = {isa = PBXBuildFile; fileRef = 4D4344411CA6FED20042710B /* Ezy_over.png */; };
		4D4344521CA6FED20042710B /* logo.png in Resources */ = {isa = PBXBuildFile; fileRef = 4D4344421CA6FED20042710B /* logo.png */; };
		4D4344531CA6FED20042710B /* Zah_normal.png in Resources */ = {isa = PBXBuildFile; fileRef = 4D4344431CA6FED20042710B /* Zah_normal.png */; };
		4D4344541CA6FED20042710B /* Zah_over.png in Resources */ = {isa = PBXBuildFile; fileRef = 4D4344441CA6FED20042710B /* Zah_over.png */; };
		4D4344551CA6FED20042710B /* Zapp_normal.png in Resources */ = {isa = PBXBuildFile; fileRef = 4D4344451CA6FED20042710B /* Zapp_normal.png */; };
		4D4344561CA6FED20042710B /* Zapp_over.png in Resources */ = {isa = PBXBuildFile; fileRef = 4D4344461CA6FED20042710B /* Zapp_over.png */; };
		4D4344571CA6FED20042710B /* Zeek_normal.png in Resources */ = {isa = PBXBuildFile; fileRef = 4D4344471CA6FED20042710B /* Zeek_normal.png */; };
		4D4344581CA6FED20042710B /* Zeek_over.png in Resources */ = {isa = PBXBuildFile; fileRef = 4D4344481CA6FED20042710B /* Zeek_over.png */; };
		4D43445D1CA6FF050042710B /* Ezy.mp4 in Resources */ = {isa = PBXBuildFile; fileRef = 4D4344591CA6FF050042710B /* Ezy.mp4 */; };
		4D43445E1CA6FF050042710B /* Zah.mp4 in Resources */ = {isa = PBXBuildFile; fileRef = 4D43445A1CA6FF050042710B /* Zah.mp4 */; };
		4D43445F1CA6FF050042710B /* Zapp.mp4 in Resources */ = {isa = PBXBuildFile; fileRef = 4D43445B1CA6FF050042710B /* Zapp.mp4 */; };
		4D4344601CA6FF050042710B /* Zeek.mp4 in Resources */ = {isa = PBXBuildFile; fileRef = 4D43445C1CA6FF050042710B /* Zeek.mp4 */; };
		4D4344661CA710BA0042710B /* SelectGameCollectionViewController.m in Sources */ = {isa = PBXBuildFile; fileRef = 4D4344651CA710BA0042710B /* SelectGameCollectionViewController.m */; };
		4D4344691CA716A50042710B /* ShoeCollectionViewCell.m in Sources */ = {isa = PBXBuildFile; fileRef = 4D4344681CA716A50042710B /* ShoeCollectionViewCell.m */; };
		4D43446D1CA744590042710B /* SizeCollectionViewController.m in Sources */ = {isa = PBXBuildFile; fileRef = 4D43446C1CA744590042710B /* SizeCollectionViewController.m */; };
		4D4344701CA746C00042710B /* SizeCollectionViewCell.m in Sources */ = {isa = PBXBuildFile; fileRef = 4D43446F1CA746C00042710B /* SizeCollectionViewCell.m */; };
		4D4344731CA79A610042710B /* ShoeOnViewController.m in Sources */ = {isa = PBXBuildFile; fileRef = 4D4344721CA79A610042710B /* ShoeOnViewController.m */; };
		4D43447A1CA7A7E60042710B /* KinectBG.jpg in Resources */ = {isa = PBXBuildFile; fileRef = 4D4344791CA7A7E60042710B /* KinectBG.jpg */; };
		4D43447D1CA7B69C0042710B /* KinectViewController.m in Sources */ = {isa = PBXBuildFile; fileRef = 4D43447C1CA7B69C0042710B /* KinectViewController.m */; };
		4D489B251CAB9A1D0010C974 /* bg.mp3 in Resources */ = {isa = PBXBuildFile; fileRef = 4D489B231CAB9A1D0010C974 /* bg.mp3 */; };
		4D489B261CAB9A1D0010C974 /* click.mp3 in Resources */ = {isa = PBXBuildFile; fileRef = 4D489B241CAB9A1D0010C974 /* click.mp3 */; };
		4D489B2E1CABA8DE0010C974 /* hello.mp3 in Resources */ = {isa = PBXBuildFile; fileRef = 4D489B2D1CABA8DE0010C974 /* hello.mp3 */; };
		4D489B341CABC1B20010C974 /* Battambang-Bold.ttf in Resources */ = {isa = PBXBuildFile; fileRef = 4D489B321CABBC5E0010C974 /* Battambang-Bold.ttf */; };
		4D489B351CABC1B20010C974 /* Battambang-Regular.ttf in Resources */ = {isa = PBXBuildFile; fileRef = 4D489B331CABBC5E0010C974 /* Battambang-Regular.ttf */; };
		4D5263E01CB0AE3A00270782 /* enter_btn_over.png in Resources */ = {isa = PBXBuildFile; fileRef = 4D5263DE1CB0AE3A00270782 /* enter_btn_over.png */; };
		4D5263E11CB0AE3A00270782 /* enter_btn.png in Resources */ = {isa = PBXBuildFile; fileRef = 4D5263DF1CB0AE3A00270782 /* enter_btn.png */; };
		4DBE215B1CB0BA6100F26FB2 /* btn_Enter_normal.png in Resources */ = {isa = PBXBuildFile; fileRef = 4DBE21591CB0BA6100F26FB2 /* btn_Enter_normal.png */; };
		4DBE215C1CB0BA6100F26FB2 /* btn_Enter_over.png in Resources */ = {isa = PBXBuildFile; fileRef = 4DBE215A1CB0BA6100F26FB2 /* btn_Enter_over.png */; };
		4DBE215D1CB0BDB700F26FB2 /* Kantumruy-Bold.ttf in Resources */ = {isa = PBXBuildFile; fileRef = 4D3944AB1CB0B01900B15C59 /* Kantumruy-Bold.ttf */; };
		4DBE215E1CB0BDB900F26FB2 /* Kantumruy-Light.ttf in Resources */ = {isa = PBXBuildFile; fileRef = 4D3944AC1CB0B01900B15C59 /* Kantumruy-Light.ttf */; };
		4DBE215F1CB0BDBB00F26FB2 /* Kantumruy-Regular.ttf in Resources */ = {isa = PBXBuildFile; fileRef = 4D3944AD1CB0B01900B15C59 /* Kantumruy-Regular.ttf */; };
		4DBE21601CB0BDBE00F26FB2 /* Superclarendon Regular.ttf in Resources */ = {isa = PBXBuildFile; fileRef = 4D0D73A41CB0B307008FA032 /* Superclarendon Regular.ttf */; };
/* End PBXBuildFile section */

/* Begin PBXFileReference section */
		4D0D73A41CB0B307008FA032 /* Superclarendon Regular.ttf */ = {isa = PBXFileReference; lastKnownFileType = file; name = "Superclarendon Regular.ttf"; path = "assets/font/Superclarendon Regular.ttf"; sourceTree = "<group>"; };
		4D0E4E5A1CB0ACA000880482 /* choose_size.wav */ = {isa = PBXFileReference; lastKnownFileType = audio.wav; name = choose_size.wav; path = assets/sound/choose_size.wav; sourceTree = "<group>"; };
		4D0E4E5B1CB0ACA000880482 /* choose_style.wav */ = {isa = PBXFileReference; lastKnownFileType = audio.wav; name = choose_style.wav; path = assets/sound/choose_style.wav; sourceTree = "<group>"; };
		4D0E4E5C1CB0ACA000880482 /* enter_gambol.wav */ = {isa = PBXFileReference; lastKnownFileType = audio.wav; name = enter_gambol.wav; path = assets/sound/enter_gambol.wav; sourceTree = "<group>"; };
		4D0E4E5D1CB0ACA000880482 /* wear_shoe.wav */ = {isa = PBXFileReference; lastKnownFileType = audio.wav; name = wear_shoe.wav; path = assets/sound/wear_shoe.wav; sourceTree = "<group>"; };
		4D205C311CB0D00900A5977F /* btn_donrem_over.png */ = {isa = PBXFileReference; lastKnownFileType = image.png; name = btn_donrem_over.png; path = assets/images/btn_donrem_over.png; sourceTree = "<group>"; };
		4D205C321CB0D00900A5977F /* btn_donrem.png */ = {isa = PBXFileReference; lastKnownFileType = image.png; name = btn_donrem.png; path = assets/images/btn_donrem.png; sourceTree = "<group>"; };
		4D3944AB1CB0B01900B15C59 /* Kantumruy-Bold.ttf */ = {isa = PBXFileReference; lastKnownFileType = file; name = "Kantumruy-Bold.ttf"; path = "assets/font/Kantumruy-Bold.ttf"; sourceTree = "<group>"; };
		4D3944AC1CB0B01900B15C59 /* Kantumruy-Light.ttf */ = {isa = PBXFileReference; lastKnownFileType = file; name = "Kantumruy-Light.ttf"; path = "assets/font/Kantumruy-Light.ttf"; sourceTree = "<group>"; };
		4D3944AD1CB0B01900B15C59 /* Kantumruy-Regular.ttf */ = {isa = PBXFileReference; lastKnownFileType = file; name = "Kantumruy-Regular.ttf"; path = "assets/font/Kantumruy-Regular.ttf"; sourceTree = "<group>"; };
		4D3944AE1CB0B1EA00B15C59 /* Superclarendon Bold.ttf */ = {isa = PBXFileReference; lastKnownFileType = file; name = "Superclarendon Bold.ttf"; path = "assets/font/Superclarendon Bold.ttf"; sourceTree = "<group>"; };
		4D43441C1CA6FD9F0042710B /* GambolChallenge.app */ = {isa = PBXFileReference; explicitFileType = wrapper.application; includeInIndex = 0; path = GambolChallenge.app; sourceTree = BUILT_PRODUCTS_DIR; };
		4D4344201CA6FD9F0042710B /* main.m */ = {isa = PBXFileReference; lastKnownFileType = sourcecode.c.objc; path = main.m; sourceTree = "<group>"; };
		4D4344221CA6FD9F0042710B /* AppDelegate.h */ = {isa = PBXFileReference; lastKnownFileType = sourcecode.c.h; path = AppDelegate.h; sourceTree = "<group>"; };
		4D4344231CA6FD9F0042710B /* AppDelegate.m */ = {isa = PBXFileReference; lastKnownFileType = sourcecode.c.objc; path = AppDelegate.m; sourceTree = "<group>"; };
		4D4344251CA6FD9F0042710B /* StartViewController.h */ = {isa = PBXFileReference; lastKnownFileType = sourcecode.c.h; path = StartViewController.h; sourceTree = "<group>"; };
		4D4344261CA6FD9F0042710B /* StartViewController.m */ = {isa = PBXFileReference; lastKnownFileType = sourcecode.c.objc; path = StartViewController.m; sourceTree = "<group>"; };
		4D4344291CA6FD9F0042710B /* Base */ = {isa = PBXFileReference; lastKnownFileType = file.storyboard; name = Base; path = Base.lproj/Main.storyboard; sourceTree = "<group>"; };
		4D43442B1CA6FD9F0042710B /* Assets.xcassets */ = {isa = PBXFileReference; lastKnownFileType = folder.assetcatalog; path = Assets.xcassets; sourceTree = "<group>"; };
		4D43442E1CA6FD9F0042710B /* Base */ = {isa = PBXFileReference; lastKnownFileType = file.storyboard; name = Base; path = Base.lproj/LaunchScreen.storyboard; sourceTree = "<group>"; };
		4D4344301CA6FD9F0042710B /* Info.plist */ = {isa = PBXFileReference; lastKnownFileType = text.plist.xml; path = Info.plist; sourceTree = "<group>"; };
		4D4344391CA6FED20042710B /* bg_3.png */ = {isa = PBXFileReference; lastKnownFileType = image.png; name = bg_3.png; path = assets/images/bg_3.png; sourceTree = "<group>"; };
		4D43443A1CA6FED20042710B /* bg_enter.png */ = {isa = PBXFileReference; lastKnownFileType = image.png; name = bg_enter.png; path = assets/images/bg_enter.png; sourceTree = "<group>"; };
		4D43443B1CA6FED20042710B /* bg_selectshoes.png */ = {isa = PBXFileReference; lastKnownFileType = image.png; name = bg_selectshoes.png; path = assets/images/bg_selectshoes.png; sourceTree = "<group>"; };
		4D43443E1CA6FED20042710B /* btnSize_normal.png */ = {isa = PBXFileReference; lastKnownFileType = image.png; name = btnSize_normal.png; path = assets/images/btnSize_normal.png; sourceTree = "<group>"; };
		4D43443F1CA6FED20042710B /* btnSize_over.png */ = {isa = PBXFileReference; lastKnownFileType = image.png; name = btnSize_over.png; path = assets/images/btnSize_over.png; sourceTree = "<group>"; };
		4D4344401CA6FED20042710B /* Ezy_normal.png */ = {isa = PBXFileReference; lastKnownFileType = image.png; name = Ezy_normal.png; path = assets/images/Ezy_normal.png; sourceTree = "<group>"; };
		4D4344411CA6FED20042710B /* Ezy_over.png */ = {isa = PBXFileReference; lastKnownFileType = image.png; name = Ezy_over.png; path = assets/images/Ezy_over.png; sourceTree = "<group>"; };
		4D4344421CA6FED20042710B /* logo.png */ = {isa = PBXFileReference; lastKnownFileType = image.png; name = logo.png; path = assets/images/logo.png; sourceTree = "<group>"; };
		4D4344431CA6FED20042710B /* Zah_normal.png */ = {isa = PBXFileReference; lastKnownFileType = image.png; name = Zah_normal.png; path = assets/images/Zah_normal.png; sourceTree = "<group>"; };
		4D4344441CA6FED20042710B /* Zah_over.png */ = {isa = PBXFileReference; lastKnownFileType = image.png; name = Zah_over.png; path = assets/images/Zah_over.png; sourceTree = "<group>"; };
		4D4344451CA6FED20042710B /* Zapp_normal.png */ = {isa = PBXFileReference; lastKnownFileType = image.png; name = Zapp_normal.png; path = assets/images/Zapp_normal.png; sourceTree = "<group>"; };
		4D4344461CA6FED20042710B /* Zapp_over.png */ = {isa = PBXFileReference; lastKnownFileType = image.png; name = Zapp_over.png; path = assets/images/Zapp_over.png; sourceTree = "<group>"; };
		4D4344471CA6FED20042710B /* Zeek_normal.png */ = {isa = PBXFileReference; lastKnownFileType = image.png; name = Zeek_normal.png; path = assets/images/Zeek_normal.png; sourceTree = "<group>"; };
		4D4344481CA6FED20042710B /* Zeek_over.png */ = {isa = PBXFileReference; lastKnownFileType = image.png; name = Zeek_over.png; path = assets/images/Zeek_over.png; sourceTree = "<group>"; };
		4D4344591CA6FF050042710B /* Ezy.mp4 */ = {isa = PBXFileReference; lastKnownFileType = file; name = Ezy.mp4; path = assets/videos/Ezy.mp4; sourceTree = "<group>"; };
		4D43445A1CA6FF050042710B /* Zah.mp4 */ = {isa = PBXFileReference; lastKnownFileType = file; name = Zah.mp4; path = assets/videos/Zah.mp4; sourceTree = "<group>"; };
		4D43445B1CA6FF050042710B /* Zapp.mp4 */ = {isa = PBXFileReference; lastKnownFileType = file; name = Zapp.mp4; path = assets/videos/Zapp.mp4; sourceTree = "<group>"; };
		4D43445C1CA6FF050042710B /* Zeek.mp4 */ = {isa = PBXFileReference; lastKnownFileType = file; name = Zeek.mp4; path = assets/videos/Zeek.mp4; sourceTree = "<group>"; };
		4D4344641CA710BA0042710B /* SelectGameCollectionViewController.h */ = {isa = PBXFileReference; fileEncoding = 4; lastKnownFileType = sourcecode.c.h; path = SelectGameCollectionViewController.h; sourceTree = "<group>"; };
		4D4344651CA710BA0042710B /* SelectGameCollectionViewController.m */ = {isa = PBXFileReference; fileEncoding = 4; lastKnownFileType = sourcecode.c.objc; path = SelectGameCollectionViewController.m; sourceTree = "<group>"; };
		4D4344671CA716A50042710B /* ShoeCollectionViewCell.h */ = {isa = PBXFileReference; fileEncoding = 4; lastKnownFileType = sourcecode.c.h; path = ShoeCollectionViewCell.h; sourceTree = "<group>"; };
		4D4344681CA716A50042710B /* ShoeCollectionViewCell.m */ = {isa = PBXFileReference; fileEncoding = 4; lastKnownFileType = sourcecode.c.objc; path = ShoeCollectionViewCell.m; sourceTree = "<group>"; };
		4D43446B1CA744590042710B /* SizeCollectionViewController.h */ = {isa = PBXFileReference; fileEncoding = 4; lastKnownFileType = sourcecode.c.h; path = SizeCollectionViewController.h; sourceTree = "<group>"; };
		4D43446C1CA744590042710B /* SizeCollectionViewController.m */ = {isa = PBXFileReference; fileEncoding = 4; lastKnownFileType = sourcecode.c.objc; path = SizeCollectionViewController.m; sourceTree = "<group>"; };
		4D43446E1CA746C00042710B /* SizeCollectionViewCell.h */ = {isa = PBXFileReference; fileEncoding = 4; lastKnownFileType = sourcecode.c.h; path = SizeCollectionViewCell.h; sourceTree = "<group>"; };
		4D43446F1CA746C00042710B /* SizeCollectionViewCell.m */ = {isa = PBXFileReference; fileEncoding = 4; lastKnownFileType = sourcecode.c.objc; path = SizeCollectionViewCell.m; sourceTree = "<group>"; };
		4D4344711CA79A610042710B /* ShoeOnViewController.h */ = {isa = PBXFileReference; fileEncoding = 4; lastKnownFileType = sourcecode.c.h; path = ShoeOnViewController.h; sourceTree = "<group>"; };
		4D4344721CA79A610042710B /* ShoeOnViewController.m */ = {isa = PBXFileReference; fileEncoding = 4; lastKnownFileType = sourcecode.c.objc; path = ShoeOnViewController.m; sourceTree = "<group>"; };
		4D4344791CA7A7E60042710B /* KinectBG.jpg */ = {isa = PBXFileReference; lastKnownFileType = image.jpeg; name = KinectBG.jpg; path = assets/images/KinectBG.jpg; sourceTree = "<group>"; };
		4D43447B1CA7B69C0042710B /* KinectViewController.h */ = {isa = PBXFileReference; fileEncoding = 4; lastKnownFileType = sourcecode.c.h; path = KinectViewController.h; sourceTree = "<group>"; };
		4D43447C1CA7B69C0042710B /* KinectViewController.m */ = {isa = PBXFileReference; fileEncoding = 4; lastKnownFileType = sourcecode.c.objc; path = KinectViewController.m; sourceTree = "<group>"; };
		4D489B231CAB9A1D0010C974 /* bg.mp3 */ = {isa = PBXFileReference; lastKnownFileType = audio.mp3; name = bg.mp3; path = assets/sound/bg.mp3; sourceTree = "<group>"; };
		4D489B241CAB9A1D0010C974 /* click.mp3 */ = {isa = PBXFileReference; lastKnownFileType = audio.mp3; name = click.mp3; path = assets/sound/click.mp3; sourceTree = "<group>"; };
		4D489B2D1CABA8DE0010C974 /* hello.mp3 */ = {isa = PBXFileReference; lastKnownFileType = audio.mp3; path = hello.mp3; sourceTree = "<group>"; };
		4D489B321CABBC5E0010C974 /* Battambang-Bold.ttf */ = {isa = PBXFileReference; lastKnownFileType = file; name = "Battambang-Bold.ttf"; path = "assets/font/Battambang-Bold.ttf"; sourceTree = "<group>"; };
		4D489B331CABBC5E0010C974 /* Battambang-Regular.ttf */ = {isa = PBXFileReference; lastKnownFileType = file; name = "Battambang-Regular.ttf"; path = "assets/font/Battambang-Regular.ttf"; sourceTree = "<group>"; };
		4D5263DE1CB0AE3A00270782 /* enter_btn_over.png */ = {isa = PBXFileReference; lastKnownFileType = image.png; name = enter_btn_over.png; path = assets/images/enter_btn_over.png; sourceTree = "<group>"; };
		4D5263DF1CB0AE3A00270782 /* enter_btn.png */ = {isa = PBXFileReference; lastKnownFileType = image.png; name = enter_btn.png; path = assets/images/enter_btn.png; sourceTree = "<group>"; };
		4DBE21591CB0BA6100F26FB2 /* btn_Enter_normal.png */ = {isa = PBXFileReference; lastKnownFileType = image.png; name = btn_Enter_normal.png; path = assets/images/btn_Enter_normal.png; sourceTree = "<group>"; };
		4DBE215A1CB0BA6100F26FB2 /* btn_Enter_over.png */ = {isa = PBXFileReference; lastKnownFileType = image.png; name = btn_Enter_over.png; path = assets/images/btn_Enter_over.png; sourceTree = "<group>"; };
/* End PBXFileReference section */

/* Begin PBXFrameworksBuildPhase section */
		4D4344191CA6FD9F0042710B /* Frameworks */ = {
			isa = PBXFrameworksBuildPhase;
			buildActionMask = 2147483647;
			files = (
			);
			runOnlyForDeploymentPostprocessing = 0;
		};
/* End PBXFrameworksBuildPhase section */

/* Begin PBXGroup section */
		4D4344131CA6FD9F0042710B = {
			isa = PBXGroup;
			children = (
				4D43441E1CA6FD9F0042710B /* GambolChallenge */,
				4D43441D1CA6FD9F0042710B /* Products */,
			);
			sourceTree = "<group>";
		};
		4D43441D1CA6FD9F0042710B /* Products */ = {
			isa = PBXGroup;
			children = (
				4D43441C1CA6FD9F0042710B /* GambolChallenge.app */,
			);
			name = Products;
			sourceTree = "<group>";
		};
		4D43441E1CA6FD9F0042710B /* GambolChallenge */ = {
			isa = PBXGroup;
			children = (
				4D4344361CA6FE390042710B /* assets */,
				4D4344221CA6FD9F0042710B /* AppDelegate.h */,
				4D4344231CA6FD9F0042710B /* AppDelegate.m */,
				4D4344251CA6FD9F0042710B /* StartViewController.h */,
				4D4344261CA6FD9F0042710B /* StartViewController.m */,
				4D4344641CA710BA0042710B /* SelectGameCollectionViewController.h */,
				4D4344651CA710BA0042710B /* SelectGameCollectionViewController.m */,
				4D4344671CA716A50042710B /* ShoeCollectionViewCell.h */,
				4D4344681CA716A50042710B /* ShoeCollectionViewCell.m */,
				4D43446B1CA744590042710B /* SizeCollectionViewController.h */,
				4D43446C1CA744590042710B /* SizeCollectionViewController.m */,
				4D43446E1CA746C00042710B /* SizeCollectionViewCell.h */,
				4D43446F1CA746C00042710B /* SizeCollectionViewCell.m */,
				4D4344711CA79A610042710B /* ShoeOnViewController.h */,
				4D4344721CA79A610042710B /* ShoeOnViewController.m */,
				4D43447B1CA7B69C0042710B /* KinectViewController.h */,
				4D43447C1CA7B69C0042710B /* KinectViewController.m */,
				4D4344281CA6FD9F0042710B /* Main.storyboard */,
				4D43442B1CA6FD9F0042710B /* Assets.xcassets */,
				4D43442D1CA6FD9F0042710B /* LaunchScreen.storyboard */,
				4D4344301CA6FD9F0042710B /* Info.plist */,
				4D43441F1CA6FD9F0042710B /* Supporting Files */,
			);
			path = GambolChallenge;
			sourceTree = "<group>";
		};
		4D43441F1CA6FD9F0042710B /* Supporting Files */ = {
			isa = PBXGroup;
			children = (
				4D4344201CA6FD9F0042710B /* main.m */,
			);
			name = "Supporting Files";
			sourceTree = "<group>";
		};
		4D4344361CA6FE390042710B /* assets */ = {
			isa = PBXGroup;
			children = (
				4D489B311CABBC530010C974 /* font */,
				4D489B221CAB99FA0010C974 /* sound */,
				4D4344381CA6FE620042710B /* video */,
				4D4344371CA6FE5C0042710B /* images */,
			);
			name = assets;
			sourceTree = "<group>";
		};
		4D4344371CA6FE5C0042710B /* images */ = {
			isa = PBXGroup;
			children = (
				4D205C311CB0D00900A5977F /* btn_donrem_over.png */,
				4D205C321CB0D00900A5977F /* btn_donrem.png */,
				4DBE21591CB0BA6100F26FB2 /* btn_Enter_normal.png */,
				4DBE215A1CB0BA6100F26FB2 /* btn_Enter_over.png */,
				4D5263DE1CB0AE3A00270782 /* enter_btn_over.png */,
				4D5263DF1CB0AE3A00270782 /* enter_btn.png */,
				4D4344791CA7A7E60042710B /* KinectBG.jpg */,
				4D4344391CA6FED20042710B /* bg_3.png */,
				4D43443A1CA6FED20042710B /* bg_enter.png */,
				4D43443B1CA6FED20042710B /* bg_selectshoes.png */,
				4D43443E1CA6FED20042710B /* btnSize_normal.png */,
				4D43443F1CA6FED20042710B /* btnSize_over.png */,
				4D4344401CA6FED20042710B /* Ezy_normal.png */,
				4D4344411CA6FED20042710B /* Ezy_over.png */,
				4D4344421CA6FED20042710B /* logo.png */,
				4D4344431CA6FED20042710B /* Zah_normal.png */,
				4D4344441CA6FED20042710B /* Zah_over.png */,
				4D4344451CA6FED20042710B /* Zapp_normal.png */,
				4D4344461CA6FED20042710B /* Zapp_over.png */,
				4D4344471CA6FED20042710B /* Zeek_normal.png */,
				4D4344481CA6FED20042710B /* Zeek_over.png */,
			);
			name = images;
			sourceTree = "<group>";
		};
		4D4344381CA6FE620042710B /* video */ = {
			isa = PBXGroup;
			children = (
				4D4344591CA6FF050042710B /* Ezy.mp4 */,
				4D43445A1CA6FF050042710B /* Zah.mp4 */,
				4D43445B1CA6FF050042710B /* Zapp.mp4 */,
				4D43445C1CA6FF050042710B /* Zeek.mp4 */,
			);
			name = video;
			sourceTree = "<group>";
		};
		4D489B221CAB99FA0010C974 /* sound */ = {
			isa = PBXGroup;
			children = (
				4D0E4E5A1CB0ACA000880482 /* choose_size.wav */,
				4D0E4E5B1CB0ACA000880482 /* choose_style.wav */,
				4D0E4E5C1CB0ACA000880482 /* enter_gambol.wav */,
				4D0E4E5D1CB0ACA000880482 /* wear_shoe.wav */,
				4D489B2D1CABA8DE0010C974 /* hello.mp3 */,
				4D489B231CAB9A1D0010C974 /* bg.mp3 */,
				4D489B241CAB9A1D0010C974 /* click.mp3 */,
			);
			name = sound;
			sourceTree = "<group>";
		};
		4D489B311CABBC530010C974 /* font */ = {
			isa = PBXGroup;
			children = (
				4D0D73A41CB0B307008FA032 /* Superclarendon Regular.ttf */,
				4D3944AE1CB0B1EA00B15C59 /* Superclarendon Bold.ttf */,
				4D489B321CABBC5E0010C974 /* Battambang-Bold.ttf */,
				4D3944AB1CB0B01900B15C59 /* Kantumruy-Bold.ttf */,
				4D3944AC1CB0B01900B15C59 /* Kantumruy-Light.ttf */,
				4D3944AD1CB0B01900B15C59 /* Kantumruy-Regular.ttf */,
				4D489B331CABBC5E0010C974 /* Battambang-Regular.ttf */,
			);
			name = font;
			sourceTree = "<group>";
		};
/* End PBXGroup section */

/* Begin PBXNativeTarget section */
		4D43441B1CA6FD9F0042710B /* GambolChallenge */ = {
			isa = PBXNativeTarget;
			buildConfigurationList = 4D4344331CA6FD9F0042710B /* Build configuration list for PBXNativeTarget "GambolChallenge" */;
			buildPhases = (
				4D4344181CA6FD9F0042710B /* Sources */,
				4D4344191CA6FD9F0042710B /* Frameworks */,
				4D43441A1CA6FD9F0042710B /* Resources */,
			);
			buildRules = (
			);
			dependencies = (
			);
			name = GambolChallenge;
			productName = GambolChallenge;
			productReference = 4D43441C1CA6FD9F0042710B /* GambolChallenge.app */;
			productType = "com.apple.product-type.application";
		};
/* End PBXNativeTarget section */

/* Begin PBXProject section */
		4D4344141CA6FD9F0042710B /* Project object */ = {
			isa = PBXProject;
			attributes = {
				LastUpgradeCheck = 0720;
				ORGANIZATIONNAME = "Sovanlandy Pheng";
				TargetAttributes = {
					4D43441B1CA6FD9F0042710B = {
						CreatedOnToolsVersion = 7.2.1;
						DevelopmentTeam = E4W259G5J2;
					};
				};
			};
			buildConfigurationList = 4D4344171CA6FD9F0042710B /* Build configuration list for PBXProject "GambolChallenge" */;
			compatibilityVersion = "Xcode 3.2";
			developmentRegion = English;
			hasScannedForEncodings = 0;
			knownRegions = (
				en,
				Base,
			);
			mainGroup = 4D4344131CA6FD9F0042710B;
			productRefGroup = 4D43441D1CA6FD9F0042710B /* Products */;
			projectDirPath = "";
			projectRoot = "";
			targets = (
				4D43441B1CA6FD9F0042710B /* GambolChallenge */,
			);
		};
/* End PBXProject section */

/* Begin PBXResourcesBuildPhase section */
		4D43441A1CA6FD9F0042710B /* Resources */ = {
			isa = PBXResourcesBuildPhase;
			buildActionMask = 2147483647;
			files = (
				4D489B341CABC1B20010C974 /* Battambang-Bold.ttf in Resources */,
				4D5263E01CB0AE3A00270782 /* enter_btn_over.png in Resources */,
				4D489B351CABC1B20010C974 /* Battambang-Regular.ttf in Resources */,
				4D205C341CB0D00900A5977F /* btn_donrem.png in Resources */,
				4D4344521CA6FED20042710B /* logo.png in Resources */,
				4D4344541CA6FED20042710B /* Zah_over.png in Resources */,
				4D4344601CA6FF050042710B /* Zeek.mp4 in Resources */,
				4D0E4E5F1CB0ACA000880482 /* choose_style.wav in Resources */,
				4D489B261CAB9A1D0010C974 /* click.mp3 in Resources */,
				4D43444E1CA6FED20042710B /* btnSize_normal.png in Resources */,
				4D489B2E1CABA8DE0010C974 /* hello.mp3 in Resources */,
				4D0E4E5E1CB0ACA000880482 /* choose_size.wav in Resources */,
				4D4344571CA6FED20042710B /* Zeek_normal.png in Resources */,
				4D4344551CA6FED20042710B /* Zapp_normal.png in Resources */,
				4D43442F1CA6FD9F0042710B /* LaunchScreen.storyboard in Resources */,
				4D43442C1CA6FD9F0042710B /* Assets.xcassets in Resources */,
				4D4344491CA6FED20042710B /* bg_3.png in Resources */,
				4D43445F1CA6FF050042710B /* Zapp.mp4 in Resources */,
				4D4344511CA6FED20042710B /* Ezy_over.png in Resources */,
				4D3944AF1CB0B1EA00B15C59 /* Superclarendon Bold.ttf in Resources */,
				4D4344531CA6FED20042710B /* Zah_normal.png in Resources */,
				4D43444A1CA6FED20042710B /* bg_enter.png in Resources */,
				4DBE21601CB0BDBE00F26FB2 /* Superclarendon Regular.ttf in Resources */,
				4DBE215B1CB0BA6100F26FB2 /* btn_Enter_normal.png in Resources */,
				4D43444F1CA6FED20042710B /* btnSize_over.png in Resources */,
				4D43442A1CA6FD9F0042710B /* Main.storyboard in Resources */,
				4D43444B1CA6FED20042710B /* bg_selectshoes.png in Resources */,
				4D43447A1CA7A7E60042710B /* KinectBG.jpg in Resources */,
				4D4344581CA6FED20042710B /* Zeek_over.png in Resources */,
				4D489B251CAB9A1D0010C974 /* bg.mp3 in Resources */,
				4D0E4E601CB0ACA000880482 /* enter_gambol.wav in Resources */,
				4DBE215C1CB0BA6100F26FB2 /* btn_Enter_over.png in Resources */,
				4D43445D1CA6FF050042710B /* Ezy.mp4 in Resources */,
				4D4344561CA6FED20042710B /* Zapp_over.png in Resources */,
				4DBE215E1CB0BDB900F26FB2 /* Kantumruy-Light.ttf in Resources */,
				4DBE215F1CB0BDBB00F26FB2 /* Kantumruy-Regular.ttf in Resources */,
				4D205C331CB0D00900A5977F /* btn_donrem_over.png in Resources */,
				4DBE215D1CB0BDB700F26FB2 /* Kantumruy-Bold.ttf in Resources */,
				4D43445E1CA6FF050042710B /* Zah.mp4 in Resources */,
				4D5263E11CB0AE3A00270782 /* enter_btn.png in Resources */,
				4D0E4E611CB0ACA000880482 /* wear_shoe.wav in Resources */,
				4D4344501CA6FED20042710B /* Ezy_normal.png in Resources */,
			);
			runOnlyForDeploymentPostprocessing = 0;
		};
/* End PBXResourcesBuildPhase section */

/* Begin PBXSourcesBuildPhase section */
		4D4344181CA6FD9F0042710B /* Sources */ = {
			isa = PBXSourcesBuildPhase;
			buildActionMask = 2147483647;
			files = (
				4D4344691CA716A50042710B /* ShoeCollectionViewCell.m in Sources */,
				4D4344271CA6FD9F0042710B /* StartViewController.m in Sources */,
				4D4344661CA710BA0042710B /* SelectGameCollectionViewController.m in Sources */,
				4D4344241CA6FD9F0042710B /* AppDelegate.m in Sources */,
				4D4344731CA79A610042710B /* ShoeOnViewController.m in Sources */,
				4D4344211CA6FD9F0042710B /* main.m in Sources */,
				4D4344701CA746C00042710B /* SizeCollectionViewCell.m in Sources */,
				4D43447D1CA7B69C0042710B /* KinectViewController.m in Sources */,
				4D43446D1CA744590042710B /* SizeCollectionViewController.m in Sources */,
			);
			runOnlyForDeploymentPostprocessing = 0;
		};
/* End PBXSourcesBuildPhase section */

/* Begin PBXVariantGroup section */
		4D4344281CA6FD9F0042710B /* Main.storyboard */ = {
			isa = PBXVariantGroup;
			children = (
				4D4344291CA6FD9F0042710B /* Base */,
			);
			name = Main.storyboard;
			sourceTree = "<group>";
		};
		4D43442D1CA6FD9F0042710B /* LaunchScreen.storyboard */ = {
			isa = PBXVariantGroup;
			children = (
				4D43442E1CA6FD9F0042710B /* Base */,
			);
			name = LaunchScreen.storyboard;
			sourceTree = "<group>";
		};
/* End PBXVariantGroup section */

/* Begin XCBuildConfiguration section */
		4D4344311CA6FD9F0042710B /* Debug */ = {
			isa = XCBuildConfiguration;
			buildSettings = {
				ALWAYS_SEARCH_USER_PATHS = NO;
				CLANG_CXX_LANGUAGE_STANDARD = "gnu++0x";
				CLANG_CXX_LIBRARY = "libc++";
				CLANG_ENABLE_MODULES = YES;
				CLANG_ENABLE_OBJC_ARC = YES;
				CLANG_WARN_BOOL_CONVERSION = YES;
				CLANG_WARN_CONSTANT_CONVERSION = YES;
				CLANG_WARN_DIRECT_OBJC_ISA_USAGE = YES_ERROR;
				CLANG_WARN_EMPTY_BODY = YES;
				CLANG_WARN_ENUM_CONVERSION = YES;
				CLANG_WARN_INT_CONVERSION = YES;
				CLANG_WARN_OBJC_ROOT_CLASS = YES_ERROR;
				CLANG_WARN_UNREACHABLE_CODE = YES;
				CLANG_WARN__DUPLICATE_METHOD_MATCH = YES;
				"CODE_SIGN_IDENTITY[sdk=iphoneos*]" = "iPhone Developer";
				COPY_PHASE_STRIP = NO;
				DEBUG_INFORMATION_FORMAT = dwarf;
				ENABLE_STRICT_OBJC_MSGSEND = YES;
				ENABLE_TESTABILITY = YES;
				GCC_C_LANGUAGE_STANDARD = gnu99;
				GCC_DYNAMIC_NO_PIC = NO;
				GCC_NO_COMMON_BLOCKS = YES;
				GCC_OPTIMIZATION_LEVEL = 0;
				GCC_PREPROCESSOR_DEFINITIONS = (
					"DEBUG=1",
					"$(inherited)",
				);
				GCC_WARN_64_TO_32_BIT_CONVERSION = YES;
				GCC_WARN_ABOUT_RETURN_TYPE = YES_ERROR;
				GCC_WARN_UNDECLARED_SELECTOR = YES;
				GCC_WARN_UNINITIALIZED_AUTOS = YES_AGGRESSIVE;
				GCC_WARN_UNUSED_FUNCTION = YES;
				GCC_WARN_UNUSED_VARIABLE = YES;
				IPHONEOS_DEPLOYMENT_TARGET = 9.2;
				MTL_ENABLE_DEBUG_INFO = YES;
				ONLY_ACTIVE_ARCH = YES;
				SDKROOT = iphoneos;
				TARGETED_DEVICE_FAMILY = 2;
			};
			name = Debug;
		};
		4D4344321CA6FD9F0042710B /* Release */ = {
			isa = XCBuildConfiguration;
			buildSettings = {
				ALWAYS_SEARCH_USER_PATHS = NO;
				CLANG_CXX_LANGUAGE_STANDARD = "gnu++0x";
				CLANG_CXX_LIBRARY = "libc++";
				CLANG_ENABLE_MODULES = YES;
				CLANG_ENABLE_OBJC_ARC = YES;
				CLANG_WARN_BOOL_CONVERSION = YES;
				CLANG_WARN_CONSTANT_CONVERSION = YES;
				CLANG_WARN_DIRECT_OBJC_ISA_USAGE = YES_ERROR;
				CLANG_WARN_EMPTY_BODY = YES;
				CLANG_WARN_ENUM_CONVERSION = YES;
				CLANG_WARN_INT_CONVERSION = YES;
				CLANG_WARN_OBJC_ROOT_CLASS = YES_ERROR;
				CLANG_WARN_UNREACHABLE_CODE = YES;
				CLANG_WARN__DUPLICATE_METHOD_MATCH = YES;
				"CODE_SIGN_IDENTITY[sdk=iphoneos*]" = "iPhone Developer";
				COPY_PHASE_STRIP = NO;
				DEBUG_INFORMATION_FORMAT = "dwarf-with-dsym";
				ENABLE_NS_ASSERTIONS = NO;
				ENABLE_STRICT_OBJC_MSGSEND = YES;
				GCC_C_LANGUAGE_STANDARD = gnu99;
				GCC_NO_COMMON_BLOCKS = YES;
				GCC_WARN_64_TO_32_BIT_CONVERSION = YES;
				GCC_WARN_ABOUT_RETURN_TYPE = YES_ERROR;
				GCC_WARN_UNDECLARED_SELECTOR = YES;
				GCC_WARN_UNINITIALIZED_AUTOS = YES_AGGRESSIVE;
				GCC_WARN_UNUSED_FUNCTION = YES;
				GCC_WARN_UNUSED_VARIABLE = YES;
				IPHONEOS_DEPLOYMENT_TARGET = 9.2;
				MTL_ENABLE_DEBUG_INFO = NO;
				SDKROOT = iphoneos;
				TARGETED_DEVICE_FAMILY = 2;
				VALIDATE_PRODUCT = YES;
			};
			name = Release;
		};
		4D4344341CA6FD9F0042710B /* Debug */ = {
			isa = XCBuildConfiguration;
			buildSettings = {
				ASSETCATALOG_COMPILER_APPICON_NAME = AppIcon;
				CODE_SIGN_IDENTITY = "iPhone Developer";
				"CODE_SIGN_IDENTITY[sdk=iphoneos*]" = "iPhone Developer";
				INFOPLIST_FILE = GambolChallenge/Info.plist;
				IPHONEOS_DEPLOYMENT_TARGET = 9.2;
				LD_RUNPATH_SEARCH_PATHS = "$(inherited) @executable_path/Frameworks";
				PRODUCT_BUNDLE_IDENTIFIER = com.sovanlandy.GambolChallenge;
				PRODUCT_NAME = "$(TARGET_NAME)";
				PROVISIONING_PROFILE = "";
			};
			name = Debug;
		};
		4D4344351CA6FD9F0042710B /* Release */ = {
			isa = XCBuildConfiguration;
			buildSettings = {
				ASSETCATALOG_COMPILER_APPICON_NAME = AppIcon;
				CODE_SIGN_IDENTITY = "iPhone Developer";
				"CODE_SIGN_IDENTITY[sdk=iphoneos*]" = "iPhone Developer";
				INFOPLIST_FILE = GambolChallenge/Info.plist;
				IPHONEOS_DEPLOYMENT_TARGET = 9.2;
				LD_RUNPATH_SEARCH_PATHS = "$(inherited) @executable_path/Frameworks";
				PRODUCT_BUNDLE_IDENTIFIER = com.sovanlandy.GambolChallenge;
				PRODUCT_NAME = "$(TARGET_NAME)";
				PROVISIONING_PROFILE = "";
			};
			name = Release;
		};
/* End XCBuildConfiguration section */

/* Begin XCConfigurationList section */
		4D4344171CA6FD9F0042710B /* Build configuration list for PBXProject "GambolChallenge" */ = {
			isa = XCConfigurationList;
			buildConfigurations = (
				4D4344311CA6FD9F0042710B /* Debug */,
				4D4344321CA6FD9F0042710B /* Release */,
			);
			defaultConfigurationIsVisible = 0;
			defaultConfigurationName = Release;
		};
		4D4344331CA6FD9F0042710B /* Build configuration list for PBXNativeTarget "GambolChallenge" */ = {
			isa = XCConfigurationList;
			buildConfigurations = (
				4D4344341CA6FD9F0042710B /* Debug */,
				4D4344351CA6FD9F0042710B /* Release */,
			);
			defaultConfigurationIsVisible = 0;
			defaultConfigurationName = Release;
		};
/* End XCConfigurationList section */
	};
	rootObject = 4D4344141CA6FD9F0042710B /* Project object */;
}
